
Microsoft Visual Studio Solution File, Format Version 12.00
# Visual Studio 15
VisualStudioVersion = 15.0.28010.2026
MinimumVisualStudioVersion = 10.0.40219.1
Project("{FAE04EC0-301F-11D3-BF4B-00C04F79EFBC}") = "EntityDatabase", "EntityDatabase\EntityDatabase.csproj", "{A856A90E-E034-440C-8397-A03776D036E3}"
EndProject
Project("{FAE04EC0-301F-11D3-BF4B-00C04F79EFBC}") = "EntityDatabaseConsole", "EntityDatabaseConsole\EntityDatabaseConsole.csproj", "{EFD4D01B-940B-47FE-90B3-2DDFFF5A7DA2}"
EndProject
Project("{2150E333-8FDC-42A3-9474-1A3956D46DE8}") = "Infrastructure", "Infrastructure", "{D98CF30A-C64A-4917-85AE-FFA010C08163}"
EndProject
Project("{FAE04EC0-301F-11D3-BF4B-00C04F79EFBC}") = "WCIWT.Infrastructure.EntityFramework", "WCIWT.Infrastructure.EntityFramework\WCIWT.Infrastructure.EntityFramework.csproj", "{E0B0E028-6994-4EA7-8773-60818F1A1A1F}"
EndProject
Project("{FAE04EC0-301F-11D3-BF4B-00C04F79EFBC}") = "WCIWT.Infrastructure", "WCIWT.Infrastructure\WCIWT.Infrastructure.csproj", "{3ACB25AC-070D-4DB0-9409-CB6C54C08DC8}"
EndProject
Project("{FAE04EC0-301F-11D3-BF4B-00C04F79EFBC}") = "WCIWT.Infrastructure.AsyncPoco", "WCIWT.Infrastructure.AsyncPoco\WCIWT.Infrastructure.AsyncPoco.csproj", "{DB16D310-84BC-43CF-94DE-EA7167E29386}"
EndProject
Global
	GlobalSection(SolutionConfigurationPlatforms) = preSolution
		Debug|Any CPU = Debug|Any CPU
		Debug|ARM = Debug|ARM
		Debug|x64 = Debug|x64
		Debug|x86 = Debug|x86
		Release|Any CPU = Release|Any CPU
		Release|ARM = Release|ARM
		Release|x64 = Release|x64
		Release|x86 = Release|x86
	EndGlobalSection
	GlobalSection(ProjectConfigurationPlatforms) = postSolution
		{A856A90E-E034-440C-8397-A03776D036E3}.Debug|Any CPU.ActiveCfg = Debug|Any CPU
		{A856A90E-E034-440C-8397-A03776D036E3}.Debug|Any CPU.Build.0 = Debug|Any CPU
		{A856A90E-E034-440C-8397-A03776D036E3}.Debug|ARM.ActiveCfg = Debug|Any CPU
		{A856A90E-E034-440C-8397-A03776D036E3}.Debug|ARM.Build.0 = Debug|Any CPU
		{A856A90E-E034-440C-8397-A03776D036E3}.Debug|x64.ActiveCfg = Debug|Any CPU
		{A856A90E-E034-440C-8397-A03776D036E3}.Debug|x64.Build.0 = Debug|Any CPU
		{A856A90E-E034-440C-8397-A03776D036E3}.Debug|x86.ActiveCfg = Debug|Any CPU
		{A856A90E-E034-440C-8397-A03776D036E3}.Debug|x86.Build.0 = Debug|Any CPU
		{A856A90E-E034-440C-8397-A03776D036E3}.Release|Any CPU.ActiveCfg = Release|Any CPU
		{A856A90E-E034-440C-8397-A03776D036E3}.Release|Any CPU.Build.0 = Release|Any CPU
		{A856A90E-E034-440C-8397-A03776D036E3}.Release|ARM.ActiveCfg = Release|Any CPU
		{A856A90E-E034-440C-8397-A03776D036E3}.Release|ARM.Build.0 = Release|Any CPU
		{A856A90E-E034-440C-8397-A03776D036E3}.Release|x64.ActiveCfg = Release|Any CPU
		{A856A90E-E034-440C-8397-A03776D036E3}.Release|x64.Build.0 = Release|Any CPU
		{A856A90E-E034-440C-8397-A03776D036E3}.Release|x86.ActiveCfg = Release|Any CPU
		{A856A90E-E034-440C-8397-A03776D036E3}.Release|x86.Build.0 = Release|Any CPU
		{EFD4D01B-940B-47FE-90B3-2DDFFF5A7DA2}.Debug|Any CPU.ActiveCfg = Debug|Any CPU
		{EFD4D01B-940B-47FE-90B3-2DDFFF5A7DA2}.Debug|Any CPU.Build.0 = Debug|Any CPU
		{EFD4D01B-940B-47FE-90B3-2DDFFF5A7DA2}.Debug|ARM.ActiveCfg = Debug|Any CPU
		{EFD4D01B-940B-47FE-90B3-2DDFFF5A7DA2}.Debug|ARM.Build.0 = Debug|Any CPU
		{EFD4D01B-940B-47FE-90B3-2DDFFF5A7DA2}.Debug|x64.ActiveCfg = Debug|Any CPU
		{EFD4D01B-940B-47FE-90B3-2DDFFF5A7DA2}.Debug|x64.Build.0 = Debug|Any CPU
		{EFD4D01B-940B-47FE-90B3-2DDFFF5A7DA2}.Debug|x86.ActiveCfg = Debug|Any CPU
		{EFD4D01B-940B-47FE-90B3-2DDFFF5A7DA2}.Debug|x86.Build.0 = Debug|Any CPU
		{EFD4D01B-940B-47FE-90B3-2DDFFF5A7DA2}.Release|Any CPU.ActiveCfg = Release|Any CPU
		{EFD4D01B-940B-47FE-90B3-2DDFFF5A7DA2}.Release|Any CPU.Build.0 = Release|Any CPU
		{EFD4D01B-940B-47FE-90B3-2DDFFF5A7DA2}.Release|ARM.ActiveCfg = Release|Any CPU
		{EFD4D01B-940B-47FE-90B3-2DDFFF5A7DA2}.Release|ARM.Build.0 = Release|Any CPU
		{EFD4D01B-940B-47FE-90B3-2DDFFF5A7DA2}.Release|x64.ActiveCfg = Release|Any CPU
		{EFD4D01B-940B-47FE-90B3-2DDFFF5A7DA2}.Release|x64.Build.0 = Release|Any CPU
		{EFD4D01B-940B-47FE-90B3-2DDFFF5A7DA2}.Release|x86.ActiveCfg = Release|Any CPU
		{EFD4D01B-940B-47FE-90B3-2DDFFF5A7DA2}.Release|x86.Build.0 = Release|Any CPU
		{E0B0E028-6994-4EA7-8773-60818F1A1A1F}.Debug|Any CPU.ActiveCfg = Debug|Any CPU
		{E0B0E028-6994-4EA7-8773-60818F1A1A1F}.Debug|Any CPU.Build.0 = Debug|Any CPU
		{E0B0E028-6994-4EA7-8773-60818F1A1A1F}.Debug|ARM.ActiveCfg = Debug|Any CPU
		{E0B0E028-6994-4EA7-8773-60818F1A1A1F}.Debug|ARM.Build.0 = Debug|Any CPU
		{E0B0E028-6994-4EA7-8773-60818F1A1A1F}.Debug|x64.ActiveCfg = Debug|Any CPU
		{E0B0E028-6994-4EA7-8773-60818F1A1A1F}.Debug|x64.Build.0 = Debug|Any CPU
		{E0B0E028-6994-4EA7-8773-60818F1A1A1F}.Debug|x86.ActiveCfg = Debug|Any CPU
		{E0B0E028-6994-4EA7-8773-60818F1A1A1F}.Debug|x86.Build.0 = Debug|Any CPU
		{E0B0E028-6994-4EA7-8773-60818F1A1A1F}.Release|Any CPU.ActiveCfg = Release|Any CPU
		{E0B0E028-6994-4EA7-8773-60818F1A1A1F}.Release|Any CPU.Build.0 = Release|Any CPU
		{E0B0E028-6994-4EA7-8773-60818F1A1A1F}.Release|ARM.ActiveCfg = Release|Any CPU
		{E0B0E028-6994-4EA7-8773-60818F1A1A1F}.Release|ARM.Build.0 = Release|Any CPU
		{E0B0E028-6994-4EA7-8773-60818F1A1A1F}.Release|x64.ActiveCfg = Release|Any CPU
		{E0B0E028-6994-4EA7-8773-60818F1A1A1F}.Release|x64.Build.0 = Release|Any CPU
		{E0B0E028-6994-4EA7-8773-60818F1A1A1F}.Release|x86.ActiveCfg = Release|Any CPU
		{E0B0E028-6994-4EA7-8773-60818F1A1A1F}.Release|x86.Build.0 = Release|Any CPU
		{3ACB25AC-070D-4DB0-9409-CB6C54C08DC8}.Debug|Any CPU.ActiveCfg = Debug|Any CPU
		{3ACB25AC-070D-4DB0-9409-CB6C54C08DC8}.Debug|Any CPU.Build.0 = Debug|Any CPU
		{3ACB25AC-070D-4DB0-9409-CB6C54C08DC8}.Debug|ARM.ActiveCfg = Debug|Any CPU
		{3ACB25AC-070D-4DB0-9409-CB6C54C08DC8}.Debug|ARM.Build.0 = Debug|Any CPU
		{3ACB25AC-070D-4DB0-9409-CB6C54C08DC8}.Debug|x64.ActiveCfg = Debug|Any CPU
		{3ACB25AC-070D-4DB0-9409-CB6C54C08DC8}.Debug|x64.Build.0 = Debug|Any CPU
		{3ACB25AC-070D-4DB0-9409-CB6C54C08DC8}.Debug|x86.ActiveCfg = Debug|Any CPU
		{3ACB25AC-070D-4DB0-9409-CB6C54C08DC8}.Debug|x86.Build.0 = Debug|Any CPU
		{3ACB25AC-070D-4DB0-9409-CB6C54C08DC8}.Release|Any CPU.ActiveCfg = Release|Any CPU
		{3ACB25AC-070D-4DB0-9409-CB6C54C08DC8}.Release|Any CPU.Build.0 = Release|Any CPU
		{3ACB25AC-070D-4DB0-9409-CB6C54C08DC8}.Release|ARM.ActiveCfg = Release|Any CPU
		{3ACB25AC-070D-4DB0-9409-CB6C54C08DC8}.Release|ARM.Build.0 = Release|Any CPU
		{3ACB25AC-070D-4DB0-9409-CB6C54C08DC8}.Release|x64.ActiveCfg = Release|Any CPU
		{3ACB25AC-070D-4DB0-9409-CB6C54C08DC8}.Release|x64.Build.0 = Release|Any CPU
		{3ACB25AC-070D-4DB0-9409-CB6C54C08DC8}.Release|x86.ActiveCfg = Release|Any CPU
		{3ACB25AC-070D-4DB0-9409-CB6C54C08DC8}.Release|x86.Build.0 = Release|Any CPU
		{DB16D310-84BC-43CF-94DE-EA7167E29386}.Debug|Any CPU.ActiveCfg = Debug|Any CPU
		{DB16D310-84BC-43CF-94DE-EA7167E29386}.Debug|Any CPU.Build.0 = Debug|Any CPU
		{DB16D310-84BC-43CF-94DE-EA7167E29386}.Debug|ARM.ActiveCfg = Debug|Any CPU
		{DB16D310-84BC-43CF-94DE-EA7167E29386}.Debug|ARM.Build.0 = Debug|Any CPU
		{DB16D310-84BC-43CF-94DE-EA7167E29386}.Debug|x64.ActiveCfg = Debug|Any CPU
		{DB16D310-84BC-43CF-94DE-EA7167E29386}.Debug|x64.Build.0 = Debug|Any CPU
		{DB16D310-84BC-43CF-94DE-EA7167E29386}.Debug|x86.ActiveCfg = Debug|Any CPU
		{DB16D310-84BC-43CF-94DE-EA7167E29386}.Debug|x86.Build.0 = Debug|Any CPU
		{DB16D310-84BC-43CF-94DE-EA7167E29386}.Release|Any CPU.ActiveCfg = Release|Any CPU
		{DB16D310-84BC-43CF-94DE-EA7167E29386}.Release|Any CPU.Build.0 = Release|Any CPU
		{DB16D310-84BC-43CF-94DE-EA7167E29386}.Release|ARM.ActiveCfg = Release|Any CPU
		{DB16D310-84BC-43CF-94DE-EA7167E29386}.Release|ARM.Build.0 = Release|Any CPU
		{DB16D310-84BC-43CF-94DE-EA7167E29386}.Release|x64.ActiveCfg = Release|Any CPU
		{DB16D310-84BC-43CF-94DE-EA7167E29386}.Release|x64.Build.0 = Release|Any CPU
		{DB16D310-84BC-43CF-94DE-EA7167E29386}.Release|x86.ActiveCfg = Release|Any CPU
		{DB16D310-84BC-43CF-94DE-EA7167E29386}.Release|x86.Build.0 = Release|Any CPU
	EndGlobalSection
	GlobalSection(SolutionProperties) = preSolution
		HideSolutionNode = FALSE
	EndGlobalSection
	GlobalSection(NestedProjects) = preSolution
		{E0B0E028-6994-4EA7-8773-60818F1A1A1F} = {D98CF30A-C64A-4917-85AE-FFA010C08163}
		{3ACB25AC-070D-4DB0-9409-CB6C54C08DC8} = {D98CF30A-C64A-4917-85AE-FFA010C08163}
		{DB16D310-84BC-43CF-94DE-EA7167E29386} = {D98CF30A-C64A-4917-85AE-FFA010C08163}
	EndGlobalSection
	GlobalSection(ExtensibilityGlobals) = postSolution
		SolutionGuid = {616A4320-8E66-4665-BB34-16ECA06C3A68}
	EndGlobalSection
EndGlobal
